PODS:
  - Alamofire (4.5.1)
  - Changeset (2.1.2)
  - Moya/Core (9.0.0):
    - Alamofire (~> 4.1)
    - Result (~> 3.0)
  - Moya/ReactiveSwift (9.0.0):
    - Moya/Core
    - ReactiveSwift (~> 2.0)
  - ReactiveCocoa (6.1.0-alpha.2):
    - ReactiveSwift (= 2.1.0-alpha.2)
  - ReactiveSwift (2.1.0-alpha.2):
    - Result (~> 3.2)
  - Result (3.2.3)

DEPENDENCIES:
  - Changeset (~> 2.1)
  - Moya/ReactiveSwift (~> 9.0.0)
  - ReactiveCocoa (~> 6.1.0-alpha.2)
  - ReactiveSwift (~> 2.1.0-alpha.2)

SPEC CHECKSUMS:
  Alamofire: 2d95912bf4c34f164fdfc335872e8c312acaea4a
  Changeset: 58ffd3e157651f8aba3964bf723d4ed649d2071b
  Moya: cf5e6ee93af526532f92614004b8ad2ea60fd845
  ReactiveCocoa: 6e9d1356ac1456cff179aa1402e5fcc71c9fc851
  ReactiveSwift: 963e7f9c679e57576b0c91f78cb7481b4f9879e9
  Result: 128640a6347e8d2ae48b142556739a2d13f90ce6

PODFILE CHECKSUM: 74cb3490e463549726fd35160d46cbfa73c54675

COCOAPODS: 1.2.1
